// !$*UTF8*$!
{
	archiveVersion = 1;
	classes = {
	};
	objectVersion = 56;
	objects = {

/* Begin PBXBuildFile section */
		7E2590062C4F08E300259A3E /* User.swift in Sources */ = {isa = PBXBuildFile; fileRef = 7E2590052C4F08E300259A3E /* User.swift */; };
		7E2590082C4F0EE300259A3E /* Match.swift in Sources */ = {isa = PBXBuildFile; fileRef = 7E2590072C4F0EE300259A3E /* Match.swift */; };
		7E25900A2C4F11F200259A3E /* Location.swift in Sources */ = {isa = PBXBuildFile; fileRef = 7E2590092C4F11F200259A3E /* Location.swift */; };
		7E25900C2C4F129700259A3E /* Comment.swift in Sources */ = {isa = PBXBuildFile; fileRef = 7E25900B2C4F129700259A3E /* Comment.swift */; };
		7E2590112C51689700259A3E /* RegisterViewModel.swift in Sources */ = {isa = PBXBuildFile; fileRef = 7E2590102C51689700259A3E /* RegisterViewModel.swift */; };
		7E2590132C516E0900259A3E /* RegisterView.swift in Sources */ = {isa = PBXBuildFile; fileRef = 7E2590122C516E0900259A3E /* RegisterView.swift */; };
		7E2590152C52E5EB00259A3E /* LoginViewModel.swift in Sources */ = {isa = PBXBuildFile; fileRef = 7E2590142C52E5EB00259A3E /* LoginViewModel.swift */; };
		7E2590172C52E5FF00259A3E /* LoginView.swift in Sources */ = {isa = PBXBuildFile; fileRef = 7E2590162C52E5FF00259A3E /* LoginView.swift */; };
		7E2590192C541A0A00259A3E /* FirebaseFirestore in Frameworks */ = {isa = PBXBuildFile; productRef = 7E2590182C541A0A00259A3E /* FirebaseFirestore */; };
		7E25901B2C541A0A00259A3E /* FirebaseFirestoreSwift in Frameworks */ = {isa = PBXBuildFile; productRef = 7E25901A2C541A0A00259A3E /* FirebaseFirestoreSwift */; };
		7E25901F2C54EF3600259A3E /* HomeViewModel.swift in Sources */ = {isa = PBXBuildFile; fileRef = 7E25901E2C54EF3600259A3E /* HomeViewModel.swift */; };
		7E2590212C54EF4600259A3E /* HomeView.swift in Sources */ = {isa = PBXBuildFile; fileRef = 7E2590202C54EF4600259A3E /* HomeView.swift */; };
		7E2590232C54FC8500259A3E /* MatchDetailViewModel.swift in Sources */ = {isa = PBXBuildFile; fileRef = 7E2590222C54FC8500259A3E /* MatchDetailViewModel.swift */; };
		7E2590252C54FC9D00259A3E /* MatchDetailView.swift in Sources */ = {isa = PBXBuildFile; fileRef = 7E2590242C54FC9D00259A3E /* MatchDetailView.swift */; };
		7E2590262C54FC9D00259A3E /* MatchDetailView.swift in Sources */ = {isa = PBXBuildFile; fileRef = 7E2590242C54FC9D00259A3E /* MatchDetailView.swift */; };
		7E2590272C54FC9D00259A3E /* MatchDetailView.swift in Sources */ = {isa = PBXBuildFile; fileRef = 7E2590242C54FC9D00259A3E /* MatchDetailView.swift */; };
		7E2590292C5807F500259A3E /* UserSession.swift in Sources */ = {isa = PBXBuildFile; fileRef = 7E2590282C5807F500259A3E /* UserSession.swift */; };
		7E25902A2C5807F500259A3E /* UserSession.swift in Sources */ = {isa = PBXBuildFile; fileRef = 7E2590282C5807F500259A3E /* UserSession.swift */; };
		7E25902B2C5807F500259A3E /* UserSession.swift in Sources */ = {isa = PBXBuildFile; fileRef = 7E2590282C5807F500259A3E /* UserSession.swift */; };
		7E25902D2C59498500259A3E /* ProfileViewModel.swift in Sources */ = {isa = PBXBuildFile; fileRef = 7E25902C2C59498500259A3E /* ProfileViewModel.swift */; };
		7E25902E2C59498500259A3E /* ProfileViewModel.swift in Sources */ = {isa = PBXBuildFile; fileRef = 7E25902C2C59498500259A3E /* ProfileViewModel.swift */; };
		7E25902F2C59498500259A3E /* ProfileViewModel.swift in Sources */ = {isa = PBXBuildFile; fileRef = 7E25902C2C59498500259A3E /* ProfileViewModel.swift */; };
		7E2590312C59499100259A3E /* ProfileView.swift in Sources */ = {isa = PBXBuildFile; fileRef = 7E2590302C59499100259A3E /* ProfileView.swift */; };
		7E2590322C59499100259A3E /* ProfileView.swift in Sources */ = {isa = PBXBuildFile; fileRef = 7E2590302C59499100259A3E /* ProfileView.swift */; };
		7E2590332C59499100259A3E /* ProfileView.swift in Sources */ = {isa = PBXBuildFile; fileRef = 7E2590302C59499100259A3E /* ProfileView.swift */; };
		7E2590352C594CA900259A3E /* ImagePicker.swift in Sources */ = {isa = PBXBuildFile; fileRef = 7E2590342C594CA900259A3E /* ImagePicker.swift */; };
		7E2590362C594CA900259A3E /* ImagePicker.swift in Sources */ = {isa = PBXBuildFile; fileRef = 7E2590342C594CA900259A3E /* ImagePicker.swift */; };
		7E2590372C594CA900259A3E /* ImagePicker.swift in Sources */ = {isa = PBXBuildFile; fileRef = 7E2590342C594CA900259A3E /* ImagePicker.swift */; };
		7E2590392C6CB20E00259A3E /* NewMatchView.swift in Sources */ = {isa = PBXBuildFile; fileRef = 7E2590382C6CB20E00259A3E /* NewMatchView.swift */; };
		7E25903B2C6CB22500259A3E /* NewMatchViewModel.swift in Sources */ = {isa = PBXBuildFile; fileRef = 7E25903A2C6CB22500259A3E /* NewMatchViewModel.swift */; };
		7E25903D2C6D0AA200259A3E /* EditMatchView.swift in Sources */ = {isa = PBXBuildFile; fileRef = 7E25903C2C6D0AA200259A3E /* EditMatchView.swift */; };
		7E25903F2C6D0AC400259A3E /* EditMatchViewModel.swift in Sources */ = {isa = PBXBuildFile; fileRef = 7E25903E2C6D0AC400259A3E /* EditMatchViewModel.swift */; };
		7E9F5AAC2C3EE72D00667FB7 /* GameBuddyApp.swift in Sources */ = {isa = PBXBuildFile; fileRef = 7E9F5AAB2C3EE72D00667FB7 /* GameBuddyApp.swift */; };
		7E9F5AAE2C3EE72D00667FB7 /* ContentView.swift in Sources */ = {isa = PBXBuildFile; fileRef = 7E9F5AAD2C3EE72D00667FB7 /* ContentView.swift */; };
		7E9F5AB02C3EE72E00667FB7 /* Assets.xcassets in Resources */ = {isa = PBXBuildFile; fileRef = 7E9F5AAF2C3EE72E00667FB7 /* Assets.xcassets */; };
		7E9F5AB32C3EE72E00667FB7 /* Preview Assets.xcassets in Resources */ = {isa = PBXBuildFile; fileRef = 7E9F5AB22C3EE72E00667FB7 /* Preview Assets.xcassets */; };
		7E9F5ABD2C3EE72E00667FB7 /* GameBuddyTests.swift in Sources */ = {isa = PBXBuildFile; fileRef = 7E9F5ABC2C3EE72E00667FB7 /* GameBuddyTests.swift */; };
		7E9F5AC72C3EE72E00667FB7 /* GameBuddyUITests.swift in Sources */ = {isa = PBXBuildFile; fileRef = 7E9F5AC62C3EE72E00667FB7 /* GameBuddyUITests.swift */; };
		7E9F5AC92C3EE72E00667FB7 /* GameBuddyUITestsLaunchTests.swift in Sources */ = {isa = PBXBuildFile; fileRef = 7E9F5AC82C3EE72E00667FB7 /* GameBuddyUITestsLaunchTests.swift */; };
		7E9F5AD62C4D798600667FB7 /* GoogleService-Info.plist in Resources */ = {isa = PBXBuildFile; fileRef = 7E9F5AD52C4D798600667FB7 /* GoogleService-Info.plist */; };
		7E9F5ADA2C4D7E1900667FB7 /* FirebaseAnalytics in Frameworks */ = {isa = PBXBuildFile; productRef = 7E9F5AD92C4D7E1900667FB7 /* FirebaseAnalytics */; };
		7E9F5ADC2C4D7E1900667FB7 /* FirebaseAnalyticsSwift in Frameworks */ = {isa = PBXBuildFile; productRef = 7E9F5ADB2C4D7E1900667FB7 /* FirebaseAnalyticsSwift */; };
		7E9F5ADE2C4D7E1900667FB7 /* FirebaseAuth in Frameworks */ = {isa = PBXBuildFile; productRef = 7E9F5ADD2C4D7E1900667FB7 /* FirebaseAuth */; };
		7E9F5AE02C4D7E1900667FB7 /* FirebaseDatabase in Frameworks */ = {isa = PBXBuildFile; productRef = 7E9F5ADF2C4D7E1900667FB7 /* FirebaseDatabase */; };
		7E9F5AE22C4D7E1900667FB7 /* FirebaseDatabaseSwift in Frameworks */ = {isa = PBXBuildFile; productRef = 7E9F5AE12C4D7E1900667FB7 /* FirebaseDatabaseSwift */; };
		7E9F5AE42C4D7E1900667FB7 /* FirebaseFunctions in Frameworks */ = {isa = PBXBuildFile; productRef = 7E9F5AE32C4D7E1900667FB7 /* FirebaseFunctions */; };
		7E9F5AE62C4D7E1900667FB7 /* FirebaseStorage in Frameworks */ = {isa = PBXBuildFile; productRef = 7E9F5AE52C4D7E1900667FB7 /* FirebaseStorage */; };
/* End PBXBuildFile section */

/* Begin PBXContainerItemProxy section */
		7E9F5AB92C3EE72E00667FB7 /* PBXContainerItemProxy */ = {
			isa = PBXContainerItemProxy;
			containerPortal = 7E9F5AA02C3EE72D00667FB7 /* Project object */;
			proxyType = 1;
			remoteGlobalIDString = 7E9F5AA72C3EE72D00667FB7;
			remoteInfo = GameBuddy;
		};
		7E9F5AC32C3EE72E00667FB7 /* PBXContainerItemProxy */ = {
			isa = PBXContainerItemProxy;
			containerPortal = 7E9F5AA02C3EE72D00667FB7 /* Project object */;
			proxyType = 1;
			remoteGlobalIDString = 7E9F5AA72C3EE72D00667FB7;
			remoteInfo = GameBuddy;
		};
/* End PBXContainerItemProxy section */

/* Begin PBXFileReference section */
		7E2590052C4F08E300259A3E /* User.swift */ = {isa = PBXFileReference; lastKnownFileType = sourcecode.swift; path = User.swift; sourceTree = "<group>"; };
		7E2590072C4F0EE300259A3E /* Match.swift */ = {isa = PBXFileReference; lastKnownFileType = sourcecode.swift; path = Match.swift; sourceTree = "<group>"; };
		7E2590092C4F11F200259A3E /* Location.swift */ = {isa = PBXFileReference; lastKnownFileType = sourcecode.swift; path = Location.swift; sourceTree = "<group>"; };
		7E25900B2C4F129700259A3E /* Comment.swift */ = {isa = PBXFileReference; lastKnownFileType = sourcecode.swift; path = Comment.swift; sourceTree = "<group>"; };
		7E2590102C51689700259A3E /* RegisterViewModel.swift */ = {isa = PBXFileReference; lastKnownFileType = sourcecode.swift; path = RegisterViewModel.swift; sourceTree = "<group>"; };
		7E2590122C516E0900259A3E /* RegisterView.swift */ = {isa = PBXFileReference; lastKnownFileType = sourcecode.swift; path = RegisterView.swift; sourceTree = "<group>"; };
		7E2590142C52E5EB00259A3E /* LoginViewModel.swift */ = {isa = PBXFileReference; lastKnownFileType = sourcecode.swift; path = LoginViewModel.swift; sourceTree = "<group>"; };
		7E2590162C52E5FF00259A3E /* LoginView.swift */ = {isa = PBXFileReference; lastKnownFileType = sourcecode.swift; path = LoginView.swift; sourceTree = "<group>"; };
		7E25901E2C54EF3600259A3E /* HomeViewModel.swift */ = {isa = PBXFileReference; lastKnownFileType = sourcecode.swift; path = HomeViewModel.swift; sourceTree = "<group>"; };
		7E2590202C54EF4600259A3E /* HomeView.swift */ = {isa = PBXFileReference; lastKnownFileType = sourcecode.swift; path = HomeView.swift; sourceTree = "<group>"; };
		7E2590222C54FC8500259A3E /* MatchDetailViewModel.swift */ = {isa = PBXFileReference; lastKnownFileType = sourcecode.swift; path = MatchDetailViewModel.swift; sourceTree = "<group>"; };
		7E2590242C54FC9D00259A3E /* MatchDetailView.swift */ = {isa = PBXFileReference; lastKnownFileType = sourcecode.swift; path = MatchDetailView.swift; sourceTree = "<group>"; };
		7E2590282C5807F500259A3E /* UserSession.swift */ = {isa = PBXFileReference; lastKnownFileType = sourcecode.swift; path = UserSession.swift; sourceTree = "<group>"; };
		7E25902C2C59498500259A3E /* ProfileViewModel.swift */ = {isa = PBXFileReference; lastKnownFileType = sourcecode.swift; path = ProfileViewModel.swift; sourceTree = "<group>"; };
		7E2590302C59499100259A3E /* ProfileView.swift */ = {isa = PBXFileReference; lastKnownFileType = sourcecode.swift; path = ProfileView.swift; sourceTree = "<group>"; };
		7E2590342C594CA900259A3E /* ImagePicker.swift */ = {isa = PBXFileReference; lastKnownFileType = sourcecode.swift; path = ImagePicker.swift; sourceTree = "<group>"; };
		7E2590382C6CB20E00259A3E /* NewMatchView.swift */ = {isa = PBXFileReference; lastKnownFileType = sourcecode.swift; path = NewMatchView.swift; sourceTree = "<group>"; };
		7E25903A2C6CB22500259A3E /* NewMatchViewModel.swift */ = {isa = PBXFileReference; lastKnownFileType = sourcecode.swift; path = NewMatchViewModel.swift; sourceTree = "<group>"; };
		7E25903C2C6D0AA200259A3E /* EditMatchView.swift */ = {isa = PBXFileReference; lastKnownFileType = sourcecode.swift; path = EditMatchView.swift; sourceTree = "<group>"; };
		7E25903E2C6D0AC400259A3E /* EditMatchViewModel.swift */ = {isa = PBXFileReference; lastKnownFileType = sourcecode.swift; path = EditMatchViewModel.swift; sourceTree = "<group>"; };
		7E9F5AA82C3EE72D00667FB7 /* GameBuddy.app */ = {isa = PBXFileReference; explicitFileType = wrapper.application; includeInIndex = 0; path = GameBuddy.app; sourceTree = BUILT_PRODUCTS_DIR; };
		7E9F5AAB2C3EE72D00667FB7 /* GameBuddyApp.swift */ = {isa = PBXFileReference; lastKnownFileType = sourcecode.swift; path = GameBuddyApp.swift; sourceTree = "<group>"; };
		7E9F5AAD2C3EE72D00667FB7 /* ContentView.swift */ = {isa = PBXFileReference; lastKnownFileType = sourcecode.swift; path = ContentView.swift; sourceTree = "<group>"; };
		7E9F5AAF2C3EE72E00667FB7 /* Assets.xcassets */ = {isa = PBXFileReference; lastKnownFileType = folder.assetcatalog; path = Assets.xcassets; sourceTree = "<group>"; };
		7E9F5AB22C3EE72E00667FB7 /* Preview Assets.xcassets */ = {isa = PBXFileReference; lastKnownFileType = folder.assetcatalog; path = "Preview Assets.xcassets"; sourceTree = "<group>"; };
		7E9F5AB82C3EE72E00667FB7 /* GameBuddyTests.xctest */ = {isa = PBXFileReference; explicitFileType = wrapper.cfbundle; includeInIndex = 0; path = GameBuddyTests.xctest; sourceTree = BUILT_PRODUCTS_DIR; };
		7E9F5ABC2C3EE72E00667FB7 /* GameBuddyTests.swift */ = {isa = PBXFileReference; lastKnownFileType = sourcecode.swift; path = GameBuddyTests.swift; sourceTree = "<group>"; };
		7E9F5AC22C3EE72E00667FB7 /* GameBuddyUITests.xctest */ = {isa = PBXFileReference; explicitFileType = wrapper.cfbundle; includeInIndex = 0; path = GameBuddyUITests.xctest; sourceTree = BUILT_PRODUCTS_DIR; };
		7E9F5AC62C3EE72E00667FB7 /* GameBuddyUITests.swift */ = {isa = PBXFileReference; lastKnownFileType = sourcecode.swift; path = GameBuddyUITests.swift; sourceTree = "<group>"; };
		7E9F5AC82C3EE72E00667FB7 /* GameBuddyUITestsLaunchTests.swift */ = {isa = PBXFileReference; lastKnownFileType = sourcecode.swift; path = GameBuddyUITestsLaunchTests.swift; sourceTree = "<group>"; };
		7E9F5AD52C4D798600667FB7 /* GoogleService-Info.plist */ = {isa = PBXFileReference; fileEncoding = 4; lastKnownFileType = text.plist.xml; name = "GoogleService-Info.plist"; path = "../../Downloads/GoogleService-Info.plist"; sourceTree = "<group>"; };
		7E9F5AD72C4D799000667FB7 /* GoogleService-Info.plist */ = {isa = PBXFileReference; lastKnownFileType = text.plist.xml; path = "GoogleService-Info.plist"; sourceTree = "<group>"; };
/* End PBXFileReference section */

/* Begin PBXFrameworksBuildPhase section */
		7E9F5AA52C3EE72D00667FB7 /* Frameworks */ = {
			isa = PBXFrameworksBuildPhase;
			buildActionMask = 2147483647;
			files = (
				7E9F5AE22C4D7E1900667FB7 /* FirebaseDatabaseSwift in Frameworks */,
				7E9F5ADC2C4D7E1900667FB7 /* FirebaseAnalyticsSwift in Frameworks */,
				7E9F5ADE2C4D7E1900667FB7 /* FirebaseAuth in Frameworks */,
				7E9F5AE42C4D7E1900667FB7 /* FirebaseFunctions in Frameworks */,
				7E9F5AE62C4D7E1900667FB7 /* FirebaseStorage in Frameworks */,
				7E2590192C541A0A00259A3E /* FirebaseFirestore in Frameworks */,
				7E9F5AE02C4D7E1900667FB7 /* FirebaseDatabase in Frameworks */,
				7E9F5ADA2C4D7E1900667FB7 /* FirebaseAnalytics in Frameworks */,
				7E25901B2C541A0A00259A3E /* FirebaseFirestoreSwift in Frameworks */,
			);
			runOnlyForDeploymentPostprocessing = 0;
		};
		7E9F5AB52C3EE72E00667FB7 /* Frameworks */ = {
			isa = PBXFrameworksBuildPhase;
			buildActionMask = 2147483647;
			files = (
			);
			runOnlyForDeploymentPostprocessing = 0;
		};
		7E9F5ABF2C3EE72E00667FB7 /* Frameworks */ = {
			isa = PBXFrameworksBuildPhase;
			buildActionMask = 2147483647;
			files = (
			);
			runOnlyForDeploymentPostprocessing = 0;
		};
/* End PBXFrameworksBuildPhase section */

/* Begin PBXGroup section */
		7E25900D2C51646600259A3E /* Models */ = {
			isa = PBXGroup;
			children = (
				7E2590052C4F08E300259A3E /* User.swift */,
				7E2590072C4F0EE300259A3E /* Match.swift */,
				7E2590092C4F11F200259A3E /* Location.swift */,
				7E25900B2C4F129700259A3E /* Comment.swift */,
			);
			path = Models;
			sourceTree = "<group>";
		};
		7E25900E2C51647C00259A3E /* Views */ = {
			isa = PBXGroup;
			children = (
				7E2590122C516E0900259A3E /* RegisterView.swift */,
				7E2590162C52E5FF00259A3E /* LoginView.swift */,
				7E2590202C54EF4600259A3E /* HomeView.swift */,
				7E2590242C54FC9D00259A3E /* MatchDetailView.swift */,
				7E2590302C59499100259A3E /* ProfileView.swift */,
				7E2590382C6CB20E00259A3E /* NewMatchView.swift */,
				7E25903C2C6D0AA200259A3E /* EditMatchView.swift */,
			);
			path = Views;
			sourceTree = "<group>";
		};
		7E25900F2C51648900259A3E /* ViewModels */ = {
			isa = PBXGroup;
			children = (
				7E2590102C51689700259A3E /* RegisterViewModel.swift */,
				7E2590142C52E5EB00259A3E /* LoginViewModel.swift */,
				7E25901E2C54EF3600259A3E /* HomeViewModel.swift */,
				7E2590222C54FC8500259A3E /* MatchDetailViewModel.swift */,
				7E25902C2C59498500259A3E /* ProfileViewModel.swift */,
				7E25903A2C6CB22500259A3E /* NewMatchViewModel.swift */,
				7E25903E2C6D0AC400259A3E /* EditMatchViewModel.swift */,
			);
			path = ViewModels;
			sourceTree = "<group>";
		};
		7E9F5A9F2C3EE72D00667FB7 = {
			isa = PBXGroup;
			children = (
				7E9F5AD52C4D798600667FB7 /* GoogleService-Info.plist */,
				7E9F5AAA2C3EE72D00667FB7 /* GameBuddy */,
				7E9F5ABB2C3EE72E00667FB7 /* GameBuddyTests */,
				7E9F5AC52C3EE72E00667FB7 /* GameBuddyUITests */,
				7E9F5AA92C3EE72D00667FB7 /* Products */,
			);
			sourceTree = "<group>";
		};
		7E9F5AA92C3EE72D00667FB7 /* Products */ = {
			isa = PBXGroup;
			children = (
				7E9F5AA82C3EE72D00667FB7 /* GameBuddy.app */,
				7E9F5AB82C3EE72E00667FB7 /* GameBuddyTests.xctest */,
				7E9F5AC22C3EE72E00667FB7 /* GameBuddyUITests.xctest */,
			);
			name = Products;
			sourceTree = "<group>";
		};
		7E9F5AAA2C3EE72D00667FB7 /* GameBuddy */ = {
			isa = PBXGroup;
			children = (
				7E25900F2C51648900259A3E /* ViewModels */,
				7E25900E2C51647C00259A3E /* Views */,
				7E25900D2C51646600259A3E /* Models */,
				7E9F5AD72C4D799000667FB7 /* GoogleService-Info.plist */,
				7E9F5AAB2C3EE72D00667FB7 /* GameBuddyApp.swift */,
				7E9F5AAD2C3EE72D00667FB7 /* ContentView.swift */,
				7E2590282C5807F500259A3E /* UserSession.swift */,
				7E2590342C594CA900259A3E /* ImagePicker.swift */,
				7E9F5AAF2C3EE72E00667FB7 /* Assets.xcassets */,
				7E9F5AB12C3EE72E00667FB7 /* Preview Content */,
			);
			path = GameBuddy;
			sourceTree = "<group>";
		};
		7E9F5AB12C3EE72E00667FB7 /* Preview Content */ = {
			isa = PBXGroup;
			children = (
				7E9F5AB22C3EE72E00667FB7 /* Preview Assets.xcassets */,
			);
			path = "Preview Content";
			sourceTree = "<group>";
		};
		7E9F5ABB2C3EE72E00667FB7 /* GameBuddyTests */ = {
			isa = PBXGroup;
			children = (
				7E9F5ABC2C3EE72E00667FB7 /* GameBuddyTests.swift */,
			);
			path = GameBuddyTests;
			sourceTree = "<group>";
		};
		7E9F5AC52C3EE72E00667FB7 /* GameBuddyUITests */ = {
			isa = PBXGroup;
			children = (
				7E9F5AC62C3EE72E00667FB7 /* GameBuddyUITests.swift */,
				7E9F5AC82C3EE72E00667FB7 /* GameBuddyUITestsLaunchTests.swift */,
			);
			path = GameBuddyUITests;
			sourceTree = "<group>";
		};
/* End PBXGroup section */

/* Begin PBXNativeTarget section */
		7E9F5AA72C3EE72D00667FB7 /* GameBuddy */ = {
			isa = PBXNativeTarget;
			buildConfigurationList = 7E9F5ACC2C3EE72E00667FB7 /* Build configuration list for PBXNativeTarget "GameBuddy" */;
			buildPhases = (
				7E9F5AA42C3EE72D00667FB7 /* Sources */,
				7E9F5AA52C3EE72D00667FB7 /* Frameworks */,
				7E9F5AA62C3EE72D00667FB7 /* Resources */,
			);
			buildRules = (
			);
			dependencies = (
			);
			name = GameBuddy;
			packageProductDependencies = (
				7E9F5AD92C4D7E1900667FB7 /* FirebaseAnalytics */,
				7E9F5ADB2C4D7E1900667FB7 /* FirebaseAnalyticsSwift */,
				7E9F5ADD2C4D7E1900667FB7 /* FirebaseAuth */,
				7E9F5ADF2C4D7E1900667FB7 /* FirebaseDatabase */,
				7E9F5AE12C4D7E1900667FB7 /* FirebaseDatabaseSwift */,
				7E9F5AE32C4D7E1900667FB7 /* FirebaseFunctions */,
				7E9F5AE52C4D7E1900667FB7 /* FirebaseStorage */,
				7E2590182C541A0A00259A3E /* FirebaseFirestore */,
				7E25901A2C541A0A00259A3E /* FirebaseFirestoreSwift */,
			);
			productName = GameBuddy;
			productReference = 7E9F5AA82C3EE72D00667FB7 /* GameBuddy.app */;
			productType = "com.apple.product-type.application";
		};
		7E9F5AB72C3EE72E00667FB7 /* GameBuddyTests */ = {
			isa = PBXNativeTarget;
			buildConfigurationList = 7E9F5ACF2C3EE72E00667FB7 /* Build configuration list for PBXNativeTarget "GameBuddyTests" */;
			buildPhases = (
				7E9F5AB42C3EE72E00667FB7 /* Sources */,
				7E9F5AB52C3EE72E00667FB7 /* Frameworks */,
				7E9F5AB62C3EE72E00667FB7 /* Resources */,
			);
			buildRules = (
			);
			dependencies = (
				7E9F5ABA2C3EE72E00667FB7 /* PBXTargetDependency */,
			);
			name = GameBuddyTests;
			productName = GameBuddyTests;
			productReference = 7E9F5AB82C3EE72E00667FB7 /* GameBuddyTests.xctest */;
			productType = "com.apple.product-type.bundle.unit-test";
		};
		7E9F5AC12C3EE72E00667FB7 /* GameBuddyUITests */ = {
			isa = PBXNativeTarget;
			buildConfigurationList = 7E9F5AD22C3EE72E00667FB7 /* Build configuration list for PBXNativeTarget "GameBuddyUITests" */;
			buildPhases = (
				7E9F5ABE2C3EE72E00667FB7 /* Sources */,
				7E9F5ABF2C3EE72E00667FB7 /* Frameworks */,
				7E9F5AC02C3EE72E00667FB7 /* Resources */,
			);
			buildRules = (
			);
			dependencies = (
				7E9F5AC42C3EE72E00667FB7 /* PBXTargetDependency */,
			);
			name = GameBuddyUITests;
			productName = GameBuddyUITests;
			productReference = 7E9F5AC22C3EE72E00667FB7 /* GameBuddyUITests.xctest */;
			productType = "com.apple.product-type.bundle.ui-testing";
		};
/* End PBXNativeTarget section */

/* Begin PBXProject section */
		7E9F5AA02C3EE72D00667FB7 /* Project object */ = {
			isa = PBXProject;
			attributes = {
				BuildIndependentTargetsInParallel = 1;
				LastSwiftUpdateCheck = 1520;
				LastUpgradeCheck = 1520;
				TargetAttributes = {
					7E9F5AA72C3EE72D00667FB7 = {
						CreatedOnToolsVersion = 15.2;
					};
					7E9F5AB72C3EE72E00667FB7 = {
						CreatedOnToolsVersion = 15.2;
						TestTargetID = 7E9F5AA72C3EE72D00667FB7;
					};
					7E9F5AC12C3EE72E00667FB7 = {
						CreatedOnToolsVersion = 15.2;
						TestTargetID = 7E9F5AA72C3EE72D00667FB7;
					};
				};
			};
			buildConfigurationList = 7E9F5AA32C3EE72D00667FB7 /* Build configuration list for PBXProject "GameBuddy" */;
			compatibilityVersion = "Xcode 14.0";
			developmentRegion = en;
			hasScannedForEncodings = 0;
			knownRegions = (
				en,
				Base,
			);
			mainGroup = 7E9F5A9F2C3EE72D00667FB7;
			packageReferences = (
				7E9F5AD82C4D7E1900667FB7 /* XCRemoteSwiftPackageReference "firebase-ios-sdk" */,
			);
			productRefGroup = 7E9F5AA92C3EE72D00667FB7 /* Products */;
			projectDirPath = "";
			projectRoot = "";
			targets = (
				7E9F5AA72C3EE72D00667FB7 /* GameBuddy */,
				7E9F5AB72C3EE72E00667FB7 /* GameBuddyTests */,
				7E9F5AC12C3EE72E00667FB7 /* GameBuddyUITests */,
			);
		};
/* End PBXProject section */

/* Begin PBXResourcesBuildPhase section */
		7E9F5AA62C3EE72D00667FB7 /* Resources */ = {
			isa = PBXResourcesBuildPhase;
			buildActionMask = 2147483647;
			files = (
				7E9F5AB32C3EE72E00667FB7 /* Preview Assets.xcassets in Resources */,
				7E9F5AB02C3EE72E00667FB7 /* Assets.xcassets in Resources */,
				7E9F5AD62C4D798600667FB7 /* GoogleService-Info.plist in Resources */,
			);
			runOnlyForDeploymentPostprocessing = 0;
		};
		7E9F5AB62C3EE72E00667FB7 /* Resources */ = {
			isa = PBXResourcesBuildPhase;
			buildActionMask = 2147483647;
			files = (
			);
			runOnlyForDeploymentPostprocessing = 0;
		};
		7E9F5AC02C3EE72E00667FB7 /* Resources */ = {
			isa = PBXResourcesBuildPhase;
			buildActionMask = 2147483647;
			files = (
			);
			runOnlyForDeploymentPostprocessing = 0;
		};
/* End PBXResourcesBuildPhase section */

/* Begin PBXSourcesBuildPhase section */
		7E9F5AA42C3EE72D00667FB7 /* Sources */ = {
			isa = PBXSourcesBuildPhase;
			buildActionMask = 2147483647;
			files = (
				7E25903F2C6D0AC400259A3E /* EditMatchViewModel.swift in Sources */,
				7E25903D2C6D0AA200259A3E /* EditMatchView.swift in Sources */,
				7E9F5AAE2C3EE72D00667FB7 /* ContentView.swift in Sources */,
				7E25901F2C54EF3600259A3E /* HomeViewModel.swift in Sources */,
				7E25900C2C4F129700259A3E /* Comment.swift in Sources */,
				7E2590352C594CA900259A3E /* ImagePicker.swift in Sources */,
				7E2590112C51689700259A3E /* RegisterViewModel.swift in Sources */,
				7E25903B2C6CB22500259A3E /* NewMatchViewModel.swift in Sources */,
				7E2590062C4F08E300259A3E /* User.swift in Sources */,
				7E25900A2C4F11F200259A3E /* Location.swift in Sources */,
				7E2590292C5807F500259A3E /* UserSession.swift in Sources */,
				7E2590232C54FC8500259A3E /* MatchDetailViewModel.swift in Sources */,
				7E2590132C516E0900259A3E /* RegisterView.swift in Sources */,
				7E2590312C59499100259A3E /* ProfileView.swift in Sources */,
				7E9F5AAC2C3EE72D00667FB7 /* GameBuddyApp.swift in Sources */,
				7E2590392C6CB20E00259A3E /* NewMatchView.swift in Sources */,
				7E2590082C4F0EE300259A3E /* Match.swift in Sources */,
				7E2590212C54EF4600259A3E /* HomeView.swift in Sources */,
				7E2590172C52E5FF00259A3E /* LoginView.swift in Sources */,
				7E2590152C52E5EB00259A3E /* LoginViewModel.swift in Sources */,
				7E25902D2C59498500259A3E /* ProfileViewModel.swift in Sources */,
				7E2590252C54FC9D00259A3E /* MatchDetailView.swift in Sources */,
			);
			runOnlyForDeploymentPostprocessing = 0;
		};
		7E9F5AB42C3EE72E00667FB7 /* Sources */ = {
			isa = PBXSourcesBuildPhase;
			buildActionMask = 2147483647;
			files = (
				7E25902A2C5807F500259A3E /* UserSession.swift in Sources */,
				7E9F5ABD2C3EE72E00667FB7 /* GameBuddyTests.swift in Sources */,
				7E2590322C59499100259A3E /* ProfileView.swift in Sources */,
				7E2590362C594CA900259A3E /* ImagePicker.swift in Sources */,
				7E25902E2C59498500259A3E /* ProfileViewModel.swift in Sources */,
				7E2590262C54FC9D00259A3E /* MatchDetailView.swift in Sources */,
			);
			runOnlyForDeploymentPostprocessing = 0;
		};
		7E9F5ABE2C3EE72E00667FB7 /* Sources */ = {
			isa = PBXSourcesBuildPhase;
			buildActionMask = 2147483647;
			files = (
				7E9F5AC72C3EE72E00667FB7 /* GameBuddyUITests.swift in Sources */,
				7E2590272C54FC9D00259A3E /* MatchDetailView.swift in Sources */,
				7E9F5AC92C3EE72E00667FB7 /* GameBuddyUITestsLaunchTests.swift in Sources */,
				7E2590372C594CA900259A3E /* ImagePicker.swift in Sources */,
				7E25902B2C5807F500259A3E /* UserSession.swift in Sources */,
				7E2590332C59499100259A3E /* ProfileView.swift in Sources */,
				7E25902F2C59498500259A3E /* ProfileViewModel.swift in Sources */,
			);
			runOnlyForDeploymentPostprocessing = 0;
		};
/* End PBXSourcesBuildPhase section */

/* Begin PBXTargetDependency section */
		7E9F5ABA2C3EE72E00667FB7 /* PBXTargetDependency */ = {
			isa = PBXTargetDependency;
			target = 7E9F5AA72C3EE72D00667FB7 /* GameBuddy */;
			targetProxy = 7E9F5AB92C3EE72E00667FB7 /* PBXContainerItemProxy */;
		};
		7E9F5AC42C3EE72E00667FB7 /* PBXTargetDependency */ = {
			isa = PBXTargetDependency;
			target = 7E9F5AA72C3EE72D00667FB7 /* GameBuddy */;
			targetProxy = 7E9F5AC32C3EE72E00667FB7 /* PBXContainerItemProxy */;
		};
/* End PBXTargetDependency section */

/* Begin XCBuildConfiguration section */
		7E9F5ACA2C3EE72E00667FB7 /* Debug */ = {
			isa = XCBuildConfiguration;
			buildSettings = {
				ALWAYS_SEARCH_USER_PATHS = NO;
				ASSETCATALOG_COMPILER_GENERATE_SWIFT_ASSET_SYMBOL_EXTENSIONS = YES;
				CLANG_ANALYZER_NONNULL = YES;
				CLANG_ANALYZER_NUMBER_OBJECT_CONVERSION = YES_AGGRESSIVE;
				CLANG_CXX_LANGUAGE_STANDARD = "gnu++20";
				CLANG_ENABLE_MODULES = YES;
				CLANG_ENABLE_OBJC_ARC = YES;
				CLANG_ENABLE_OBJC_WEAK = YES;
				CLANG_WARN_BLOCK_CAPTURE_AUTORELEASING = YES;
				CLANG_WARN_BOOL_CONVERSION = YES;
				CLANG_WARN_COMMA = YES;
				CLANG_WARN_CONSTANT_CONVERSION = YES;
				CLANG_WARN_DEPRECATED_OBJC_IMPLEMENTATIONS = YES;
				CLANG_WARN_DIRECT_OBJC_ISA_USAGE = YES_ERROR;
				CLANG_WARN_DOCUMENTATION_COMMENTS = YES;
				CLANG_WARN_EMPTY_BODY = YES;
				CLANG_WARN_ENUM_CONVERSION = YES;
				CLANG_WARN_INFINITE_RECURSION = YES;
				CLANG_WARN_INT_CONVERSION = YES;
				CLANG_WARN_NON_LITERAL_NULL_CONVERSION = YES;
				CLANG_WARN_OBJC_IMPLICIT_RETAIN_SELF = YES;
				CLANG_WARN_OBJC_LITERAL_CONVERSION = YES;
				CLANG_WARN_OBJC_ROOT_CLASS = YES_ERROR;
				CLANG_WARN_QUOTED_INCLUDE_IN_FRAMEWORK_HEADER = YES;
				CLANG_WARN_RANGE_LOOP_ANALYSIS = YES;
				CLANG_WARN_STRICT_PROTOTYPES = YES;
				CLANG_WARN_SUSPICIOUS_MOVE = YES;
				CLANG_WARN_UNGUARDED_AVAILABILITY = YES_AGGRESSIVE;
				CLANG_WARN_UNREACHABLE_CODE = YES;
				CLANG_WARN__DUPLICATE_METHOD_MATCH = YES;
				COPY_PHASE_STRIP = NO;
				DEBUG_INFORMATION_FORMAT = dwarf;
				ENABLE_STRICT_OBJC_MSGSEND = YES;
				ENABLE_TESTABILITY = YES;
				ENABLE_USER_SCRIPT_SANDBOXING = YES;
				GCC_C_LANGUAGE_STANDARD = gnu17;
				GCC_DYNAMIC_NO_PIC = NO;
				GCC_NO_COMMON_BLOCKS = YES;
				GCC_OPTIMIZATION_LEVEL = 0;
				GCC_PREPROCESSOR_DEFINITIONS = (
					"DEBUG=1",
					"$(inherited)",
				);
				GCC_WARN_64_TO_32_BIT_CONVERSION = YES;
				GCC_WARN_ABOUT_RETURN_TYPE = YES_ERROR;
				GCC_WARN_UNDECLARED_SELECTOR = YES;
				GCC_WARN_UNINITIALIZED_AUTOS = YES_AGGRESSIVE;
				GCC_WARN_UNUSED_FUNCTION = YES;
				GCC_WARN_UNUSED_VARIABLE = YES;
				IPHONEOS_DEPLOYMENT_TARGET = 17.2;
				LOCALIZATION_PREFERS_STRING_CATALOGS = YES;
				MTL_ENABLE_DEBUG_INFO = INCLUDE_SOURCE;
				MTL_FAST_MATH = YES;
				ONLY_ACTIVE_ARCH = YES;
				SDKROOT = iphoneos;
				SWIFT_ACTIVE_COMPILATION_CONDITIONS = "DEBUG $(inherited)";
				SWIFT_OPTIMIZATION_LEVEL = "-Onone";
			};
			name = Debug;
		};
		7E9F5ACB2C3EE72E00667FB7 /* Release */ = {
			isa = XCBuildConfiguration;
			buildSettings = {
				ALWAYS_SEARCH_USER_PATHS = NO;
				ASSETCATALOG_COMPILER_GENERATE_SWIFT_ASSET_SYMBOL_EXTENSIONS = YES;
				CLANG_ANALYZER_NONNULL = YES;
				CLANG_ANALYZER_NUMBER_OBJECT_CONVERSION = YES_AGGRESSIVE;
				CLANG_CXX_LANGUAGE_STANDARD = "gnu++20";
				CLANG_ENABLE_MODULES = YES;
				CLANG_ENABLE_OBJC_ARC = YES;
				CLANG_ENABLE_OBJC_WEAK = YES;
				CLANG_WARN_BLOCK_CAPTURE_AUTORELEASING = YES;
				CLANG_WARN_BOOL_CONVERSION = YES;
				CLANG_WARN_COMMA = YES;
				CLANG_WARN_CONSTANT_CONVERSION = YES;
				CLANG_WARN_DEPRECATED_OBJC_IMPLEMENTATIONS = YES;
				CLANG_WARN_DIRECT_OBJC_ISA_USAGE = YES_ERROR;
				CLANG_WARN_DOCUMENTATION_COMMENTS = YES;
				CLANG_WARN_EMPTY_BODY = YES;
				CLANG_WARN_ENUM_CONVERSION = YES;
				CLANG_WARN_INFINITE_RECURSION = YES;
				CLANG_WARN_INT_CONVERSION = YES;
				CLANG_WARN_NON_LITERAL_NULL_CONVERSION = YES;
				CLANG_WARN_OBJC_IMPLICIT_RETAIN_SELF = YES;
				CLANG_WARN_OBJC_LITERAL_CONVERSION = YES;
				CLANG_WARN_OBJC_ROOT_CLASS = YES_ERROR;
				CLANG_WARN_QUOTED_INCLUDE_IN_FRAMEWORK_HEADER = YES;
				CLANG_WARN_RANGE_LOOP_ANALYSIS = YES;
				CLANG_WARN_STRICT_PROTOTYPES = YES;
				CLANG_WARN_SUSPICIOUS_MOVE = YES;
				CLANG_WARN_UNGUARDED_AVAILABILITY = YES_AGGRESSIVE;
				CLANG_WARN_UNREACHABLE_CODE = YES;
				CLANG_WARN__DUPLICATE_METHOD_MATCH = YES;
				COPY_PHASE_STRIP = NO;
				DEBUG_INFORMATION_FORMAT = "dwarf-with-dsym";
				ENABLE_NS_ASSERTIONS = NO;
				ENABLE_STRICT_OBJC_MSGSEND = YES;
				ENABLE_USER_SCRIPT_SANDBOXING = YES;
				GCC_C_LANGUAGE_STANDARD = gnu17;
				GCC_NO_COMMON_BLOCKS = YES;
				GCC_WARN_64_TO_32_BIT_CONVERSION = YES;
				GCC_WARN_ABOUT_RETURN_TYPE = YES_ERROR;
				GCC_WARN_UNDECLARED_SELECTOR = YES;
				GCC_WARN_UNINITIALIZED_AUTOS = YES_AGGRESSIVE;
				GCC_WARN_UNUSED_FUNCTION = YES;
				GCC_WARN_UNUSED_VARIABLE = YES;
				IPHONEOS_DEPLOYMENT_TARGET = 17.2;
				LOCALIZATION_PREFERS_STRING_CATALOGS = YES;
				MTL_ENABLE_DEBUG_INFO = NO;
				MTL_FAST_MATH = YES;
				SDKROOT = iphoneos;
				SWIFT_COMPILATION_MODE = wholemodule;
				VALIDATE_PRODUCT = YES;
			};
			name = Release;
		};
		7E9F5ACD2C3EE72E00667FB7 /* Debug */ = {
			isa = XCBuildConfiguration;
			buildSettings = {
				ASSETCATALOG_COMPILER_APPICON_NAME = AppIcon;
				ASSETCATALOG_COMPILER_GLOBAL_ACCENT_COLOR_NAME = AccentColor;
				CODE_SIGN_STYLE = Automatic;
				CURRENT_PROJECT_VERSION = 1;
				DEVELOPMENT_ASSET_PATHS = "\"GameBuddy/Preview Content\"";
				DEVELOPMENT_TEAM = D9WQG83GXB;
				ENABLE_PREVIEWS = YES;
				GENERATE_INFOPLIST_FILE = YES;
				INFOPLIST_KEY_UIApplicationSceneManifest_Generation = YES;
				INFOPLIST_KEY_UIApplicationSupportsIndirectInputEvents = YES;
				INFOPLIST_KEY_UILaunchScreen_Generation = YES;
				INFOPLIST_KEY_UISupportedInterfaceOrientations_iPad = "UIInterfaceOrientationPortrait UIInterfaceOrientationPortraitUpsideDown UIInterfaceOrientationLandscapeLeft UIInterfaceOrientationLandscapeRight";
				INFOPLIST_KEY_UISupportedInterfaceOrientations_iPhone = "UIInterfaceOrientationPortrait UIInterfaceOrientationLandscapeLeft UIInterfaceOrientationLandscapeRight";
				LD_RUNPATH_SEARCH_PATHS = (
					"$(inherited)",
					"@executable_path/Frameworks",
				);
				MARKETING_VERSION = 1.0;
				PRODUCT_BUNDLE_IDENTIFIER = marcEspasa.GameBuddy;
				PRODUCT_NAME = "$(TARGET_NAME)";
				SWIFT_EMIT_LOC_STRINGS = YES;
				SWIFT_VERSION = 5.0;
				TARGETED_DEVICE_FAMILY = "1,2";
			};
			name = Debug;
		};
		7E9F5ACE2C3EE72E00667FB7 /* Release */ = {
			isa = XCBuildConfiguration;
			buildSettings = {
				ASSETCATALOG_COMPILER_APPICON_NAME = AppIcon;
				ASSETCATALOG_COMPILER_GLOBAL_ACCENT_COLOR_NAME = AccentColor;
				CODE_SIGN_STYLE = Automatic;
				CURRENT_PROJECT_VERSION = 1;
				DEVELOPMENT_ASSET_PATHS = "\"GameBuddy/Preview Content\"";
				DEVELOPMENT_TEAM = D9WQG83GXB;
				ENABLE_PREVIEWS = YES;
				GENERATE_INFOPLIST_FILE = YES;
				INFOPLIST_KEY_UIApplicationSceneManifest_Generation = YES;
				INFOPLIST_KEY_UIApplicationSupportsIndirectInputEvents = YES;
				INFOPLIST_KEY_UILaunchScreen_Generation = YES;
				INFOPLIST_KEY_UISupportedInterfaceOrientations_iPad = "UIInterfaceOrientationPortrait UIInterfaceOrientationPortraitUpsideDown UIInterfaceOrientationLandscapeLeft UIInterfaceOrientationLandscapeRight";
				INFOPLIST_KEY_UISupportedInterfaceOrientations_iPhone = "UIInterfaceOrientationPortrait UIInterfaceOrientationLandscapeLeft UIInterfaceOrientationLandscapeRight";
				LD_RUNPATH_SEARCH_PATHS = (
					"$(inherited)",
					"@executable_path/Frameworks",
				);
				MARKETING_VERSION = 1.0;
				PRODUCT_BUNDLE_IDENTIFIER = marcEspasa.GameBuddy;
				PRODUCT_NAME = "$(TARGET_NAME)";
				SWIFT_EMIT_LOC_STRINGS = YES;
				SWIFT_VERSION = 5.0;
				TARGETED_DEVICE_FAMILY = "1,2";
			};
			name = Release;
		};
		7E9F5AD02C3EE72E00667FB7 /* Debug */ = {
			isa = XCBuildConfiguration;
			buildSettings = {
				ALWAYS_EMBED_SWIFT_STANDARD_LIBRARIES = YES;
				BUNDLE_LOADER = "$(TEST_HOST)";
				CODE_SIGN_STYLE = Automatic;
				CURRENT_PROJECT_VERSION = 1;
				DEVELOPMENT_TEAM = D9WQG83GXB;
				GENERATE_INFOPLIST_FILE = YES;
				IPHONEOS_DEPLOYMENT_TARGET = 17.2;
				MARKETING_VERSION = 1.0;
				PRODUCT_BUNDLE_IDENTIFIER = marcEspasa.GameBuddyTests;
				PRODUCT_NAME = "$(TARGET_NAME)";
				SWIFT_EMIT_LOC_STRINGS = NO;
				SWIFT_VERSION = 5.0;
				TARGETED_DEVICE_FAMILY = "1,2";
				TEST_HOST = "$(BUILT_PRODUCTS_DIR)/GameBuddy.app/$(BUNDLE_EXECUTABLE_FOLDER_PATH)/GameBuddy";
			};
			name = Debug;
		};
		7E9F5AD12C3EE72E00667FB7 /* Release */ = {
			isa = XCBuildConfiguration;
			buildSettings = {
				ALWAYS_EMBED_SWIFT_STANDARD_LIBRARIES = YES;
				BUNDLE_LOADER = "$(TEST_HOST)";
				CODE_SIGN_STYLE = Automatic;
				CURRENT_PROJECT_VERSION = 1;
				DEVELOPMENT_TEAM = D9WQG83GXB;
				GENERATE_INFOPLIST_FILE = YES;
				IPHONEOS_DEPLOYMENT_TARGET = 17.2;
				MARKETING_VERSION = 1.0;
				PRODUCT_BUNDLE_IDENTIFIER = marcEspasa.GameBuddyTests;
				PRODUCT_NAME = "$(TARGET_NAME)";
				SWIFT_EMIT_LOC_STRINGS = NO;
				SWIFT_VERSION = 5.0;
				TARGETED_DEVICE_FAMILY = "1,2";
				TEST_HOST = "$(BUILT_PRODUCTS_DIR)/GameBuddy.app/$(BUNDLE_EXECUTABLE_FOLDER_PATH)/GameBuddy";
			};
			name = Release;
		};
		7E9F5AD32C3EE72E00667FB7 /* Debug */ = {
			isa = XCBuildConfiguration;
			buildSettings = {
				ALWAYS_EMBED_SWIFT_STANDARD_LIBRARIES = YES;
				CODE_SIGN_STYLE = Automatic;
				CURRENT_PROJECT_VERSION = 1;
				DEVELOPMENT_TEAM = D9WQG83GXB;
				GENERATE_INFOPLIST_FILE = YES;
				MARKETING_VERSION = 1.0;
				PRODUCT_BUNDLE_IDENTIFIER = marcEspasa.GameBuddyUITests;
				PRODUCT_NAME = "$(TARGET_NAME)";
				SWIFT_EMIT_LOC_STRINGS = NO;
				SWIFT_VERSION = 5.0;
				TARGETED_DEVICE_FAMILY = "1,2";
				TEST_TARGET_NAME = GameBuddy;
			};
			name = Debug;
		};
		7E9F5AD42C3EE72E00667FB7 /* Release */ = {
			isa = XCBuildConfiguration;
			buildSettings = {
				ALWAYS_EMBED_SWIFT_STANDARD_LIBRARIES = YES;
				CODE_SIGN_STYLE = Automatic;
				CURRENT_PROJECT_VERSION = 1;
				DEVELOPMENT_TEAM = D9WQG83GXB;
				GENERATE_INFOPLIST_FILE = YES;
				MARKETING_VERSION = 1.0;
				PRODUCT_BUNDLE_IDENTIFIER = marcEspasa.GameBuddyUITests;
				PRODUCT_NAME = "$(TARGET_NAME)";
				SWIFT_EMIT_LOC_STRINGS = NO;
				SWIFT_VERSION = 5.0;
				TARGETED_DEVICE_FAMILY = "1,2";
				TEST_TARGET_NAME = GameBuddy;
			};
			name = Release;
		};
/* End XCBuildConfiguration section */

/* Begin XCConfigurationList section */
		7E9F5AA32C3EE72D00667FB7 /* Build configuration list for PBXProject "GameBuddy" */ = {
			isa = XCConfigurationList;
			buildConfigurations = (
				7E9F5ACA2C3EE72E00667FB7 /* Debug */,
				7E9F5ACB2C3EE72E00667FB7 /* Release */,
			);
			defaultConfigurationIsVisible = 0;
			defaultConfigurationName = Release;
		};
		7E9F5ACC2C3EE72E00667FB7 /* Build configuration list for PBXNativeTarget "GameBuddy" */ = {
			isa = XCConfigurationList;
			buildConfigurations = (
				7E9F5ACD2C3EE72E00667FB7 /* Debug */,
				7E9F5ACE2C3EE72E00667FB7 /* Release */,
			);
			defaultConfigurationIsVisible = 0;
			defaultConfigurationName = Release;
		};
		7E9F5ACF2C3EE72E00667FB7 /* Build configuration list for PBXNativeTarget "GameBuddyTests" */ = {
			isa = XCConfigurationList;
			buildConfigurations = (
				7E9F5AD02C3EE72E00667FB7 /* Debug */,
				7E9F5AD12C3EE72E00667FB7 /* Release */,
			);
			defaultConfigurationIsVisible = 0;
			defaultConfigurationName = Release;
		};
		7E9F5AD22C3EE72E00667FB7 /* Build configuration list for PBXNativeTarget "GameBuddyUITests" */ = {
			isa = XCConfigurationList;
			buildConfigurations = (
				7E9F5AD32C3EE72E00667FB7 /* Debug */,
				7E9F5AD42C3EE72E00667FB7 /* Release */,
			);
			defaultConfigurationIsVisible = 0;
			defaultConfigurationName = Release;
		};
/* End XCConfigurationList section */

/* Begin XCRemoteSwiftPackageReference section */
		7E9F5AD82C4D7E1900667FB7 /* XCRemoteSwiftPackageReference "firebase-ios-sdk" */ = {
			isa = XCRemoteSwiftPackageReference;
			repositoryURL = "https://github.com/firebase/firebase-ios-sdk";
			requirement = {
				kind = upToNextMajorVersion;
				minimumVersion = 10.29.0;
			};
		};
/* End XCRemoteSwiftPackageReference section */

/* Begin XCSwiftPackageProductDependency section */
		7E2590182C541A0A00259A3E /* FirebaseFirestore */ = {
			isa = XCSwiftPackageProductDependency;
			package = 7E9F5AD82C4D7E1900667FB7 /* XCRemoteSwiftPackageReference "firebase-ios-sdk" */;
			productName = FirebaseFirestore;
		};
		7E25901A2C541A0A00259A3E /* FirebaseFirestoreSwift */ = {
			isa = XCSwiftPackageProductDependency;
			package = 7E9F5AD82C4D7E1900667FB7 /* XCRemoteSwiftPackageReference "firebase-ios-sdk" */;
			productName = FirebaseFirestoreSwift;
		};
		7E9F5AD92C4D7E1900667FB7 /* FirebaseAnalytics */ = {
			isa = XCSwiftPackageProductDependency;
			package = 7E9F5AD82C4D7E1900667FB7 /* XCRemoteSwiftPackageReference "firebase-ios-sdk" */;
			productName = FirebaseAnalytics;
		};
		7E9F5ADB2C4D7E1900667FB7 /* FirebaseAnalyticsSwift */ = {
			isa = XCSwiftPackageProductDependency;
			package = 7E9F5AD82C4D7E1900667FB7 /* XCRemoteSwiftPackageReference "firebase-ios-sdk" */;
			productName = FirebaseAnalyticsSwift;
		};
		7E9F5ADD2C4D7E1900667FB7 /* FirebaseAuth */ = {
			isa = XCSwiftPackageProductDependency;
			package = 7E9F5AD82C4D7E1900667FB7 /* XCRemoteSwiftPackageReference "firebase-ios-sdk" */;
			productName = FirebaseAuth;
		};
		7E9F5ADF2C4D7E1900667FB7 /* FirebaseDatabase */ = {
			isa = XCSwiftPackageProductDependency;
			package = 7E9F5AD82C4D7E1900667FB7 /* XCRemoteSwiftPackageReference "firebase-ios-sdk" */;
			productName = FirebaseDatabase;
		};
		7E9F5AE12C4D7E1900667FB7 /* FirebaseDatabaseSwift */ = {
			isa = XCSwiftPackageProductDependency;
			package = 7E9F5AD82C4D7E1900667FB7 /* XCRemoteSwiftPackageReference "firebase-ios-sdk" */;
			productName = FirebaseDatabaseSwift;
		};
		7E9F5AE32C4D7E1900667FB7 /* FirebaseFunctions */ = {
			isa = XCSwiftPackageProductDependency;
			package = 7E9F5AD82C4D7E1900667FB7 /* XCRemoteSwiftPackageReference "firebase-ios-sdk" */;
			productName = FirebaseFunctions;
		};
		7E9F5AE52C4D7E1900667FB7 /* FirebaseStorage */ = {
			isa = XCSwiftPackageProductDependency;
			package = 7E9F5AD82C4D7E1900667FB7 /* XCRemoteSwiftPackageReference "firebase-ios-sdk" */;
			productName = FirebaseStorage;
		};
/* End XCSwiftPackageProductDependency section */
	};
	rootObject = 7E9F5AA02C3EE72D00667FB7 /* Project object */;
}
